
Microsoft Visual Studio Solution File, Format Version 12.00
# Visual Studio Version 17
VisualStudioVersion = 17.0.31912.275
MinimumVisualStudioVersion = 10.0.40219.1
Project("{FAE04EC0-301F-11D3-BF4B-00C04F79EFBC}") = "TestWEbApp", "TestWEbApp.csproj", "{CA92F286-5EB1-458F-BD44-F5421EAFC294}"
EndProject
Global
	GlobalSection(SolutionConfigurationPlatforms) = preSolution
		Debug|Any CPU = Debug|Any CPU
		Release|Any CPU = Release|Any CPU
	EndGlobalSection
	GlobalSection(ProjectConfigurationPlatforms) = postSolution
		{CA92F286-5EB1-458F-BD44-F5421EAFC294}.Debug|Any CPU.ActiveCfg = Debug|Any CPU
		{CA92F286-5EB1-458F-BD44-F5421EAFC294}.Debug|Any CPU.Build.0 = Debug|Any CPU
		{CA92F286-5EB1-458F-BD44-F5421EAFC294}.Release|Any CPU.ActiveCfg = Release|Any CPU
		{CA92F286-5EB1-458F-BD44-F5421EAFC294}.Release|Any CPU.Build.0 = Release|Any CPU
	EndGlobalSection
	GlobalSection(SolutionProperties) = preSolution
		HideSolutionNode = FALSE
	EndGlobalSection
	GlobalSection(ExtensibilityGlobals) = postSolution
		SolutionGuid = {337BF0AC-39ED-4467-8B40-FFBEA9C00CA4}
	EndGlobalSection
EndGlobal
